{
  "name": "frontend",
  "version": "0.1.0",
  "lockfileVersion": 3,
  "requires": true,
  "packages": {
    "": {
      "name": "frontend",
      "version": "0.1.0",
      "dependencies": {
        "react": "19.0.0",
        "react-dom": "19.0.0"
      }
    }
  },
  "dependencies": {
    "react": {
      "version": "19.0.0",
      "resolved": "",
      "integrity": ""
    },
    "react-dom": {
      "version": "19.0.0",
      "resolved": "",
      "integrity": ""
    }
  }
}
